// !$*UTF8*$!
{
	archiveVersion = 1;
	classes = {
	};
	objectVersion = 50;
	objects = {

/* Begin PBXBuildFile section */
		CD04303222D2947E0018D584 /* LUIView.swift in Sources */ = {isa = PBXBuildFile; fileRef = CD04303122D2947E0018D584 /* LUIView.swift */; };
		CD04303422D294D00018D584 /* LUILabel.swift in Sources */ = {isa = PBXBuildFile; fileRef = CD04303322D294D00018D584 /* LUILabel.swift */; };
		CD04303722D29AAD0018D584 /* LUIViewController.swift in Sources */ = {isa = PBXBuildFile; fileRef = CD04303622D29AAD0018D584 /* LUIViewController.swift */; };
		CD04303A22D29D300018D584 /* LUIConstraints.swift in Sources */ = {isa = PBXBuildFile; fileRef = CD04303922D29D300018D584 /* LUIConstraints.swift */; };
		CD04303C22D2A0980018D584 /* UIView+LUIAdditions.swift in Sources */ = {isa = PBXBuildFile; fileRef = CD04303B22D2A0980018D584 /* UIView+LUIAdditions.swift */; };
		CD04303E22D58C430018D584 /* LUIPadding.swift in Sources */ = {isa = PBXBuildFile; fileRef = CD04303D22D58C430018D584 /* LUIPadding.swift */; };
		CD04304022D98AB10018D584 /* LUIPaddingManager.swift in Sources */ = {isa = PBXBuildFile; fileRef = CD04303F22D98AB10018D584 /* LUIPaddingManager.swift */; };
		CD04304222D98C900018D584 /* LUITextField+LUITextView.swift in Sources */ = {isa = PBXBuildFile; fileRef = CD04304122D98C900018D584 /* LUITextField+LUITextView.swift */; };
		CD04304422D9AC130018D584 /* LUIButton.swift in Sources */ = {isa = PBXBuildFile; fileRef = CD04304322D9AC130018D584 /* LUIButton.swift */; };
		CD04304722DA4BBF0018D584 /* UIImage+LUIAdditions.swift in Sources */ = {isa = PBXBuildFile; fileRef = CD04304622DA4BBF0018D584 /* UIImage+LUIAdditions.swift */; };
		CD04304A22DA53770018D584 /* LUIAnimationSpeed.swift in Sources */ = {isa = PBXBuildFile; fileRef = CD04304922DA53770018D584 /* LUIAnimationSpeed.swift */; };
		CD04304C22DAF12F0018D584 /* LUIAnimationManager.swift in Sources */ = {isa = PBXBuildFile; fileRef = CD04304B22DAF12F0018D584 /* LUIAnimationManager.swift */; };
		CD04304E22DAF32E0018D584 /* TimeInterval+LUIAdditions.swift in Sources */ = {isa = PBXBuildFile; fileRef = CD04304D22DAF32E0018D584 /* TimeInterval+LUIAdditions.swift */; };
		CD04305222DAF9540018D584 /* LUINavigationViewController.swift in Sources */ = {isa = PBXBuildFile; fileRef = CD04305122DAF9540018D584 /* LUINavigationViewController.swift */; };
		CD04305422DAFD4F0018D584 /* LUIPopOverViewController.swift in Sources */ = {isa = PBXBuildFile; fileRef = CD04305322DAFD4F0018D584 /* LUIPopOverViewController.swift */; };
		CD04308722DC47910018D584 /* LUITableViewController.swift in Sources */ = {isa = PBXBuildFile; fileRef = CD04308622DC47910018D584 /* LUITableViewController.swift */; };
		CD04308922DC48490018D584 /* LUINavigation.swift in Sources */ = {isa = PBXBuildFile; fileRef = CD04308822DC48490018D584 /* LUINavigation.swift */; };
		CD0DC3632344FA23002479DA /* LUIPageControl.swift in Sources */ = {isa = PBXBuildFile; fileRef = CD0DC3622344FA23002479DA /* LUIPageControl.swift */; };
		CD0E627B231699A9001F4498 /* LUIFontManager.swift in Sources */ = {isa = PBXBuildFile; fileRef = CD0E627A231699A9001F4498 /* LUIFontManager.swift */; };
		CD3A59F122CEE80B009AD5BC /* LazyUI.h in Headers */ = {isa = PBXBuildFile; fileRef = CD3A59EF22CEE80B009AD5BC /* LazyUI.h */; settings = {ATTRIBUTES = (Public, ); }; };
		CD3A5A3622CFF180009AD5BC /* LUIFontSize.swift in Sources */ = {isa = PBXBuildFile; fileRef = CD3A5A3522CFF180009AD5BC /* LUIFontSize.swift */; };
		CD3A5A3822CFF840009AD5BC /* UIFont+LUIAdditions.swift in Sources */ = {isa = PBXBuildFile; fileRef = CD3A5A3722CFF840009AD5BC /* UIFont+LUIAdditions.swift */; };
		CD3A5A3B22D1134D009AD5BC /* UIColor+LUIAdditions.swift in Sources */ = {isa = PBXBuildFile; fileRef = CD3A5A3A22D1134D009AD5BC /* UIColor+LUIAdditions.swift */; };
		CD3A5A3D22D113E6009AD5BC /* LUIColor.swift in Sources */ = {isa = PBXBuildFile; fileRef = CD3A5A3C22D113E6009AD5BC /* LUIColor.swift */; };
		CD3A5A3F22D116EE009AD5BC /* LUIThemeManager.swift in Sources */ = {isa = PBXBuildFile; fileRef = CD3A5A3E22D116EE009AD5BC /* LUIThemeManager.swift */; };
		CDA48B9C2310A24100CC8B09 /* LUIImagePicker.swift in Sources */ = {isa = PBXBuildFile; fileRef = CDA48B9B2310A24100CC8B09 /* LUIImagePicker.swift */; };
		CDA48BA02312B47C00CC8B09 /* LUIPannable.swift in Sources */ = {isa = PBXBuildFile; fileRef = CDA48B9F2312B47C00CC8B09 /* LUIPannable.swift */; };
		CDA48BA22312B50400CC8B09 /* LUIPreviewViewController+LUIPannable.swift in Sources */ = {isa = PBXBuildFile; fileRef = CDA48BA12312B50400CC8B09 /* LUIPreviewViewController+LUIPannable.swift */; };
		CDA48BA6231440B400CC8B09 /* LUISearchController.swift in Sources */ = {isa = PBXBuildFile; fileRef = CDA48BA5231440B400CC8B09 /* LUISearchController.swift */; };
		CDA48BA82314414900CC8B09 /* LUISearchBar.swift in Sources */ = {isa = PBXBuildFile; fileRef = CDA48BA72314414900CC8B09 /* LUISearchBar.swift */; };
		CDA5F85423390071005C915E /* UIAlertController+LUIAdditions.swift in Sources */ = {isa = PBXBuildFile; fileRef = CDA5F85323390071005C915E /* UIAlertController+LUIAdditions.swift */; };
		CDAF68F3235E1EB6003F7C4F /* LUISlideMenuViewController.swift in Sources */ = {isa = PBXBuildFile; fileRef = CDAF68F2235E1EB6003F7C4F /* LUISlideMenuViewController.swift */; };
		CDAF68F8235E3E2C003F7C4F /* LUISlideMenuTableViewController.swift in Sources */ = {isa = PBXBuildFile; fileRef = CDAF68F7235E3E2C003F7C4F /* LUISlideMenuTableViewController.swift */; };
		CDC95FC422E779EE00CD378E /* UIImageView+LUIAdditions.swift in Sources */ = {isa = PBXBuildFile; fileRef = CDC95FC322E779EE00CD378E /* UIImageView+LUIAdditions.swift */; };
		CDC95FF422E9EBE000CD378E /* LUIStackView.swift in Sources */ = {isa = PBXBuildFile; fileRef = CDC95FF322E9EBE000CD378E /* LUIStackView.swift */; };
		CDC95FFD22EFBDAA00CD378E /* LUIPageViewController.swift in Sources */ = {isa = PBXBuildFile; fileRef = CDC95FFC22EFBDAA00CD378E /* LUIPageViewController.swift */; };
		CDC9602422F741B200CD378E /* LUIKeyboardManager.swift in Sources */ = {isa = PBXBuildFile; fileRef = CDC9602322F741B200CD378E /* LUIKeyboardManager.swift */; };
		CDC9602622FB24F400CD378E /* LUIKeyboardToolBar.swift in Sources */ = {isa = PBXBuildFile; fileRef = CDC9602522FB24F400CD378E /* LUIKeyboardToolBar.swift */; };
		CDD2942222E50BAA00801908 /* Date+LUIAdditions.swift in Sources */ = {isa = PBXBuildFile; fileRef = CDD2942122E50BAA00801908 /* Date+LUIAdditions.swift */; };
		CDD2942422E5135500801908 /* String+LUIAdditions.swift in Sources */ = {isa = PBXBuildFile; fileRef = CDD2942322E5135500801908 /* String+LUIAdditions.swift */; };
		CDD2942622E53F2E00801908 /* LUIPreviewViewController.swift in Sources */ = {isa = PBXBuildFile; fileRef = CDD2942522E53F2E00801908 /* LUIPreviewViewController.swift */; };
		CDD2942822E5411800801908 /* LUIPreviewView.swift in Sources */ = {isa = PBXBuildFile; fileRef = CDD2942722E5411800801908 /* LUIPreviewView.swift */; };
		CDD4379A22DCCC79003A5A4B /* LUITableCell.swift in Sources */ = {isa = PBXBuildFile; fileRef = CDD4379922DCCC79003A5A4B /* LUITableCell.swift */; };
		CDE034B523514D78004287E9 /* LUIActivitiyIndicatorView.swift in Sources */ = {isa = PBXBuildFile; fileRef = CDE034B423514D78004287E9 /* LUIActivitiyIndicatorView.swift */; };
/* End PBXBuildFile section */

/* Begin PBXFileReference section */
		CD04303122D2947E0018D584 /* LUIView.swift */ = {isa = PBXFileReference; lastKnownFileType = sourcecode.swift; path = LUIView.swift; sourceTree = "<group>"; };
		CD04303322D294D00018D584 /* LUILabel.swift */ = {isa = PBXFileReference; lastKnownFileType = sourcecode.swift; path = LUILabel.swift; sourceTree = "<group>"; };
		CD04303622D29AAD0018D584 /* LUIViewController.swift */ = {isa = PBXFileReference; lastKnownFileType = sourcecode.swift; path = LUIViewController.swift; sourceTree = "<group>"; };
		CD04303922D29D300018D584 /* LUIConstraints.swift */ = {isa = PBXFileReference; lastKnownFileType = sourcecode.swift; path = LUIConstraints.swift; sourceTree = "<group>"; };
		CD04303B22D2A0980018D584 /* UIView+LUIAdditions.swift */ = {isa = PBXFileReference; lastKnownFileType = sourcecode.swift; path = "UIView+LUIAdditions.swift"; sourceTree = "<group>"; };
		CD04303D22D58C430018D584 /* LUIPadding.swift */ = {isa = PBXFileReference; lastKnownFileType = sourcecode.swift; path = LUIPadding.swift; sourceTree = "<group>"; };
		CD04303F22D98AB10018D584 /* LUIPaddingManager.swift */ = {isa = PBXFileReference; lastKnownFileType = sourcecode.swift; path = LUIPaddingManager.swift; sourceTree = "<group>"; };
		CD04304122D98C900018D584 /* LUITextField+LUITextView.swift */ = {isa = PBXFileReference; lastKnownFileType = sourcecode.swift; path = "LUITextField+LUITextView.swift"; sourceTree = "<group>"; };
		CD04304322D9AC130018D584 /* LUIButton.swift */ = {isa = PBXFileReference; lastKnownFileType = sourcecode.swift; path = LUIButton.swift; sourceTree = "<group>"; };
		CD04304622DA4BBF0018D584 /* UIImage+LUIAdditions.swift */ = {isa = PBXFileReference; lastKnownFileType = sourcecode.swift; path = "UIImage+LUIAdditions.swift"; sourceTree = "<group>"; };
		CD04304922DA53770018D584 /* LUIAnimationSpeed.swift */ = {isa = PBXFileReference; lastKnownFileType = sourcecode.swift; path = LUIAnimationSpeed.swift; sourceTree = "<group>"; };
		CD04304B22DAF12F0018D584 /* LUIAnimationManager.swift */ = {isa = PBXFileReference; lastKnownFileType = sourcecode.swift; path = LUIAnimationManager.swift; sourceTree = "<group>"; };
		CD04304D22DAF32E0018D584 /* TimeInterval+LUIAdditions.swift */ = {isa = PBXFileReference; lastKnownFileType = sourcecode.swift; path = "TimeInterval+LUIAdditions.swift"; sourceTree = "<group>"; };
		CD04305122DAF9540018D584 /* LUINavigationViewController.swift */ = {isa = PBXFileReference; lastKnownFileType = sourcecode.swift; path = LUINavigationViewController.swift; sourceTree = "<group>"; };
		CD04305322DAFD4F0018D584 /* LUIPopOverViewController.swift */ = {isa = PBXFileReference; lastKnownFileType = sourcecode.swift; path = LUIPopOverViewController.swift; sourceTree = "<group>"; };
		CD04308622DC47910018D584 /* LUITableViewController.swift */ = {isa = PBXFileReference; lastKnownFileType = sourcecode.swift; path = LUITableViewController.swift; sourceTree = "<group>"; };
		CD04308822DC48490018D584 /* LUINavigation.swift */ = {isa = PBXFileReference; lastKnownFileType = sourcecode.swift; path = LUINavigation.swift; sourceTree = "<group>"; };
		CD0DC3622344FA23002479DA /* LUIPageControl.swift */ = {isa = PBXFileReference; lastKnownFileType = sourcecode.swift; path = LUIPageControl.swift; sourceTree = "<group>"; };
		CD0E627A231699A9001F4498 /* LUIFontManager.swift */ = {isa = PBXFileReference; lastKnownFileType = sourcecode.swift; path = LUIFontManager.swift; sourceTree = "<group>"; };
		CD3A59EC22CEE80B009AD5BC /* LazyUI.framework */ = {isa = PBXFileReference; explicitFileType = wrapper.framework; includeInIndex = 0; path = LazyUI.framework; sourceTree = BUILT_PRODUCTS_DIR; };
		CD3A59EF22CEE80B009AD5BC /* LazyUI.h */ = {isa = PBXFileReference; lastKnownFileType = sourcecode.c.h; path = LazyUI.h; sourceTree = "<group>"; };
		CD3A59F022CEE80B009AD5BC /* Info.plist */ = {isa = PBXFileReference; lastKnownFileType = text.plist.xml; path = Info.plist; sourceTree = "<group>"; };
		CD3A5A3522CFF180009AD5BC /* LUIFontSize.swift */ = {isa = PBXFileReference; lastKnownFileType = sourcecode.swift; path = LUIFontSize.swift; sourceTree = "<group>"; };
		CD3A5A3722CFF840009AD5BC /* UIFont+LUIAdditions.swift */ = {isa = PBXFileReference; lastKnownFileType = sourcecode.swift; path = "UIFont+LUIAdditions.swift"; sourceTree = "<group>"; };
		CD3A5A3A22D1134D009AD5BC /* UIColor+LUIAdditions.swift */ = {isa = PBXFileReference; lastKnownFileType = sourcecode.swift; path = "UIColor+LUIAdditions.swift"; sourceTree = "<group>"; };
		CD3A5A3C22D113E6009AD5BC /* LUIColor.swift */ = {isa = PBXFileReference; lastKnownFileType = sourcecode.swift; path = LUIColor.swift; sourceTree = "<group>"; };
		CD3A5A3E22D116EE009AD5BC /* LUIThemeManager.swift */ = {isa = PBXFileReference; lastKnownFileType = sourcecode.swift; path = LUIThemeManager.swift; sourceTree = "<group>"; };
		CDA48B9B2310A24100CC8B09 /* LUIImagePicker.swift */ = {isa = PBXFileReference; lastKnownFileType = sourcecode.swift; path = LUIImagePicker.swift; sourceTree = "<group>"; };
		CDA48B9F2312B47C00CC8B09 /* LUIPannable.swift */ = {isa = PBXFileReference; lastKnownFileType = sourcecode.swift; path = LUIPannable.swift; sourceTree = "<group>"; };
		CDA48BA12312B50400CC8B09 /* LUIPreviewViewController+LUIPannable.swift */ = {isa = PBXFileReference; lastKnownFileType = sourcecode.swift; path = "LUIPreviewViewController+LUIPannable.swift"; sourceTree = "<group>"; };
		CDA48BA5231440B400CC8B09 /* LUISearchController.swift */ = {isa = PBXFileReference; lastKnownFileType = sourcecode.swift; path = LUISearchController.swift; sourceTree = "<group>"; };
		CDA48BA72314414900CC8B09 /* LUISearchBar.swift */ = {isa = PBXFileReference; lastKnownFileType = sourcecode.swift; path = LUISearchBar.swift; sourceTree = "<group>"; };
		CDA5F85323390071005C915E /* UIAlertController+LUIAdditions.swift */ = {isa = PBXFileReference; lastKnownFileType = sourcecode.swift; path = "UIAlertController+LUIAdditions.swift"; sourceTree = "<group>"; };
		CDAF68F2235E1EB6003F7C4F /* LUISlideMenuViewController.swift */ = {isa = PBXFileReference; lastKnownFileType = sourcecode.swift; path = LUISlideMenuViewController.swift; sourceTree = "<group>"; };
		CDAF68F7235E3E2C003F7C4F /* LUISlideMenuTableViewController.swift */ = {isa = PBXFileReference; lastKnownFileType = sourcecode.swift; path = LUISlideMenuTableViewController.swift; sourceTree = "<group>"; };
		CDC95FC322E779EE00CD378E /* UIImageView+LUIAdditions.swift */ = {isa = PBXFileReference; lastKnownFileType = sourcecode.swift; path = "UIImageView+LUIAdditions.swift"; sourceTree = "<group>"; };
		CDC95FF322E9EBE000CD378E /* LUIStackView.swift */ = {isa = PBXFileReference; lastKnownFileType = sourcecode.swift; path = LUIStackView.swift; sourceTree = "<group>"; };
		CDC95FFC22EFBDAA00CD378E /* LUIPageViewController.swift */ = {isa = PBXFileReference; lastKnownFileType = sourcecode.swift; path = LUIPageViewController.swift; sourceTree = "<group>"; };
		CDC9602322F741B200CD378E /* LUIKeyboardManager.swift */ = {isa = PBXFileReference; lastKnownFileType = sourcecode.swift; path = LUIKeyboardManager.swift; sourceTree = "<group>"; };
		CDC9602522FB24F400CD378E /* LUIKeyboardToolBar.swift */ = {isa = PBXFileReference; lastKnownFileType = sourcecode.swift; path = LUIKeyboardToolBar.swift; sourceTree = "<group>"; };
		CDD2942122E50BAA00801908 /* Date+LUIAdditions.swift */ = {isa = PBXFileReference; lastKnownFileType = sourcecode.swift; path = "Date+LUIAdditions.swift"; sourceTree = "<group>"; };
		CDD2942322E5135500801908 /* String+LUIAdditions.swift */ = {isa = PBXFileReference; lastKnownFileType = sourcecode.swift; path = "String+LUIAdditions.swift"; sourceTree = "<group>"; };
		CDD2942522E53F2E00801908 /* LUIPreviewViewController.swift */ = {isa = PBXFileReference; lastKnownFileType = sourcecode.swift; path = LUIPreviewViewController.swift; sourceTree = "<group>"; };
		CDD2942722E5411800801908 /* LUIPreviewView.swift */ = {isa = PBXFileReference; lastKnownFileType = sourcecode.swift; path = LUIPreviewView.swift; sourceTree = "<group>"; };
		CDD4379922DCCC79003A5A4B /* LUITableCell.swift */ = {isa = PBXFileReference; lastKnownFileType = sourcecode.swift; path = LUITableCell.swift; sourceTree = "<group>"; };
		CDE034B423514D78004287E9 /* LUIActivitiyIndicatorView.swift */ = {isa = PBXFileReference; lastKnownFileType = sourcecode.swift; path = LUIActivitiyIndicatorView.swift; sourceTree = "<group>"; };
/* End PBXFileReference section */

/* Begin PBXFrameworksBuildPhase section */
		CD3A59E922CEE80B009AD5BC /* Frameworks */ = {
			isa = PBXFrameworksBuildPhase;
			buildActionMask = 2147483647;
			files = (
			);
			runOnlyForDeploymentPostprocessing = 0;
		};
/* End PBXFrameworksBuildPhase section */

/* Begin PBXGroup section */
		CD04303022D294660018D584 /* Views */ = {
			isa = PBXGroup;
			children = (
				CDD4379822DCCC46003A5A4B /* Cell */,
				CD04303122D2947E0018D584 /* LUIView.swift */,
				CDC95FF322E9EBE000CD378E /* LUIStackView.swift */,
				CD04303322D294D00018D584 /* LUILabel.swift */,
				CD04304122D98C900018D584 /* LUITextField+LUITextView.swift */,
				CD04304322D9AC130018D584 /* LUIButton.swift */,
				CDD2942722E5411800801908 /* LUIPreviewView.swift */,
				CDC9602522FB24F400CD378E /* LUIKeyboardToolBar.swift */,
				CDA48BA72314414900CC8B09 /* LUISearchBar.swift */,
				CDE034B423514D78004287E9 /* LUIActivitiyIndicatorView.swift */,
				CD0DC3622344FA23002479DA /* LUIPageControl.swift */,
			);
			path = Views;
			sourceTree = "<group>";
		};
		CD04303522D29A970018D584 /* ViewControllers */ = {
			isa = PBXGroup;
			children = (
				CD04303622D29AAD0018D584 /* LUIViewController.swift */,
				CD04305122DAF9540018D584 /* LUINavigationViewController.swift */,
				CD04305322DAFD4F0018D584 /* LUIPopOverViewController.swift */,
				CD04308622DC47910018D584 /* LUITableViewController.swift */,
				CDD2942522E53F2E00801908 /* LUIPreviewViewController.swift */,
				CDC95FFC22EFBDAA00CD378E /* LUIPageViewController.swift */,
				CDA48BA5231440B400CC8B09 /* LUISearchController.swift */,
				CDAF68F6235E3DD3003F7C4F /* LUISlideMenu */,
			);
			path = ViewControllers;
			sourceTree = "<group>";
		};
		CD04303822D29CAE0018D584 /* Protocols */ = {
			isa = PBXGroup;
			children = (
				CD04303922D29D300018D584 /* LUIConstraints.swift */,
				CD04308822DC48490018D584 /* LUINavigation.swift */,
				CDA48B9F2312B47C00CC8B09 /* LUIPannable.swift */,
			);
			path = Protocols;
			sourceTree = "<group>";
		};
		CD04304522DA4B7D0018D584 /* Extensions+LUIAdditions */ = {
			isa = PBXGroup;
			children = (
				CD04303B22D2A0980018D584 /* UIView+LUIAdditions.swift */,
				CD3A5A3A22D1134D009AD5BC /* UIColor+LUIAdditions.swift */,
				CD3A5A3722CFF840009AD5BC /* UIFont+LUIAdditions.swift */,
				CD04304622DA4BBF0018D584 /* UIImage+LUIAdditions.swift */,
				CD04304D22DAF32E0018D584 /* TimeInterval+LUIAdditions.swift */,
				CDD2942122E50BAA00801908 /* Date+LUIAdditions.swift */,
				CDD2942322E5135500801908 /* String+LUIAdditions.swift */,
				CDC95FC322E779EE00CD378E /* UIImageView+LUIAdditions.swift */,
				CDA48BA12312B50400CC8B09 /* LUIPreviewViewController+LUIPannable.swift */,
				CDA5F85323390071005C915E /* UIAlertController+LUIAdditions.swift */,
			);
			path = "Extensions+LUIAdditions";
			sourceTree = "<group>";
		};
		CD04304822DA53640018D584 /* Animation */ = {
			isa = PBXGroup;
			children = (
				CD04304922DA53770018D584 /* LUIAnimationSpeed.swift */,
				CD04304B22DAF12F0018D584 /* LUIAnimationManager.swift */,
			);
			path = Animation;
			sourceTree = "<group>";
		};
		CD3A59E222CEE80B009AD5BC = {
			isa = PBXGroup;
			children = (
				CD3A59EE22CEE80B009AD5BC /* LazyUI */,
				CD3A59ED22CEE80B009AD5BC /* Products */,
			);
			sourceTree = "<group>";
		};
		CD3A59ED22CEE80B009AD5BC /* Products */ = {
			isa = PBXGroup;
			children = (
				CD3A59EC22CEE80B009AD5BC /* LazyUI.framework */,
			);
			name = Products;
			sourceTree = "<group>";
		};
		CD3A59EE22CEE80B009AD5BC /* LazyUI */ = {
			isa = PBXGroup;
			children = (
				CD3A59EF22CEE80B009AD5BC /* LazyUI.h */,
				CD04303522D29A970018D584 /* ViewControllers */,
				CD04303022D294660018D584 /* Views */,
				CDC9602222F7418700CD378E /* Classes */,
				CD3A59F722CEE81F009AD5BC /* Theme */,
				CD04304522DA4B7D0018D584 /* Extensions+LUIAdditions */,
				CD04303822D29CAE0018D584 /* Protocols */,
				CD3A59F022CEE80B009AD5BC /* Info.plist */,
			);
			path = LazyUI;
			sourceTree = "<group>";
		};
		CD3A59F722CEE81F009AD5BC /* Theme */ = {
			isa = PBXGroup;
			children = (
				CD04304822DA53640018D584 /* Animation */,
				CD3A5A3922D1133C009AD5BC /* Color */,
				CD3A5A3422CFF171009AD5BC /* Padding */,
				CD3A59F822CEE82D009AD5BC /* Font */,
			);
			path = Theme;
			sourceTree = "<group>";
		};
		CD3A59F822CEE82D009AD5BC /* Font */ = {
			isa = PBXGroup;
			children = (
				CD3A5A3522CFF180009AD5BC /* LUIFontSize.swift */,
				CD0E627A231699A9001F4498 /* LUIFontManager.swift */,
			);
			path = Font;
			sourceTree = "<group>";
		};
		CD3A5A3422CFF171009AD5BC /* Padding */ = {
			isa = PBXGroup;
			children = (
				CD04303D22D58C430018D584 /* LUIPadding.swift */,
				CD04303F22D98AB10018D584 /* LUIPaddingManager.swift */,
			);
			path = Padding;
			sourceTree = "<group>";
		};
		CD3A5A3922D1133C009AD5BC /* Color */ = {
			isa = PBXGroup;
			children = (
				CD3A5A3C22D113E6009AD5BC /* LUIColor.swift */,
				CD3A5A3E22D116EE009AD5BC /* LUIThemeManager.swift */,
			);
			path = Color;
			sourceTree = "<group>";
		};
		CDAF68F6235E3DD3003F7C4F /* LUISlideMenu */ = {
			isa = PBXGroup;
			children = (
				CDAF68F2235E1EB6003F7C4F /* LUISlideMenuViewController.swift */,
				CDAF68F7235E3E2C003F7C4F /* LUISlideMenuTableViewController.swift */,
			);
			path = LUISlideMenu;
			sourceTree = "<group>";
		};
		CDC9602222F7418700CD378E /* Classes */ = {
			isa = PBXGroup;
			children = (
				CDC9602322F741B200CD378E /* LUIKeyboardManager.swift */,
				CDA48B9B2310A24100CC8B09 /* LUIImagePicker.swift */,
			);
			path = Classes;
			sourceTree = "<group>";
		};
		CDD4379822DCCC46003A5A4B /* Cell */ = {
			isa = PBXGroup;
			children = (
				CDD4379922DCCC79003A5A4B /* LUITableCell.swift */,
			);
			path = Cell;
			sourceTree = "<group>";
		};
/* End PBXGroup section */

/* Begin PBXHeadersBuildPhase section */
		CD3A59E722CEE80B009AD5BC /* Headers */ = {
			isa = PBXHeadersBuildPhase;
			buildActionMask = 2147483647;
			files = (
				CD3A59F122CEE80B009AD5BC /* LazyUI.h in Headers */,
			);
			runOnlyForDeploymentPostprocessing = 0;
		};
/* End PBXHeadersBuildPhase section */

/* Begin PBXNativeTarget section */
		CD3A59EB22CEE80B009AD5BC /* LazyUI */ = {
			isa = PBXNativeTarget;
			buildConfigurationList = CD3A59F422CEE80B009AD5BC /* Build configuration list for PBXNativeTarget "LazyUI" */;
			buildPhases = (
				CD3A59E722CEE80B009AD5BC /* Headers */,
				CD3A59E822CEE80B009AD5BC /* Sources */,
				CD3A59E922CEE80B009AD5BC /* Frameworks */,
				CD3A59EA22CEE80B009AD5BC /* Resources */,
			);
			buildRules = (
			);
			dependencies = (
			);
			name = LazyUI;
			productName = LazyUI;
			productReference = CD3A59EC22CEE80B009AD5BC /* LazyUI.framework */;
			productType = "com.apple.product-type.framework";
		};
/* End PBXNativeTarget section */

/* Begin PBXProject section */
		CD3A59E322CEE80B009AD5BC /* Project object */ = {
			isa = PBXProject;
			attributes = {
				LastUpgradeCheck = 1020;
				ORGANIZATIONNAME = "Steven Hurtado";
				TargetAttributes = {
					CD3A59EB22CEE80B009AD5BC = {
						CreatedOnToolsVersion = 10.2.1;
						LastSwiftMigration = 1020;
					};
				};
			};
			buildConfigurationList = CD3A59E622CEE80B009AD5BC /* Build configuration list for PBXProject "LazyUI" */;
			compatibilityVersion = "Xcode 9.3";
			developmentRegion = en;
			hasScannedForEncodings = 0;
			knownRegions = (
				en,
			);
			mainGroup = CD3A59E222CEE80B009AD5BC;
			productRefGroup = CD3A59ED22CEE80B009AD5BC /* Products */;
			projectDirPath = "";
			projectRoot = "";
			targets = (
				CD3A59EB22CEE80B009AD5BC /* LazyUI */,
			);
		};
/* End PBXProject section */

/* Begin PBXResourcesBuildPhase section */
		CD3A59EA22CEE80B009AD5BC /* Resources */ = {
			isa = PBXResourcesBuildPhase;
			buildActionMask = 2147483647;
			files = (
			);
			runOnlyForDeploymentPostprocessing = 0;
		};
/* End PBXResourcesBuildPhase section */

/* Begin PBXSourcesBuildPhase section */
		CD3A59E822CEE80B009AD5BC /* Sources */ = {
			isa = PBXSourcesBuildPhase;
			buildActionMask = 2147483647;
			files = (
				CD0E627B231699A9001F4498 /* LUIFontManager.swift in Sources */,
				CDA48BA82314414900CC8B09 /* LUISearchBar.swift in Sources */,
				CD04304222D98C900018D584 /* LUITextField+LUITextView.swift in Sources */,
				CD04303E22D58C430018D584 /* LUIPadding.swift in Sources */,
				CD3A5A3622CFF180009AD5BC /* LUIFontSize.swift in Sources */,
				CD04304C22DAF12F0018D584 /* LUIAnimationManager.swift in Sources */,
				CD04304E22DAF32E0018D584 /* TimeInterval+LUIAdditions.swift in Sources */,
				CDA48BA22312B50400CC8B09 /* LUIPreviewViewController+LUIPannable.swift in Sources */,
				CDAF68F3235E1EB6003F7C4F /* LUISlideMenuViewController.swift in Sources */,
				CD04303222D2947E0018D584 /* LUIView.swift in Sources */,
				CD04308922DC48490018D584 /* LUINavigation.swift in Sources */,
				CDD4379A22DCCC79003A5A4B /* LUITableCell.swift in Sources */,
				CD04304022D98AB10018D584 /* LUIPaddingManager.swift in Sources */,
				CD0DC3632344FA23002479DA /* LUIPageControl.swift in Sources */,
				CDC9602422F741B200CD378E /* LUIKeyboardManager.swift in Sources */,
				CDD2942622E53F2E00801908 /* LUIPreviewViewController.swift in Sources */,
				CDA5F85423390071005C915E /* UIAlertController+LUIAdditions.swift in Sources */,
				CDC9602622FB24F400CD378E /* LUIKeyboardToolBar.swift in Sources */,
				CDD2942822E5411800801908 /* LUIPreviewView.swift in Sources */,
				CDC95FFD22EFBDAA00CD378E /* LUIPageViewController.swift in Sources */,
				CD3A5A3D22D113E6009AD5BC /* LUIColor.swift in Sources */,
				CD04304422D9AC130018D584 /* LUIButton.swift in Sources */,
				CD04303422D294D00018D584 /* LUILabel.swift in Sources */,
				CD04303722D29AAD0018D584 /* LUIViewController.swift in Sources */,
				CDA48BA02312B47C00CC8B09 /* LUIPannable.swift in Sources */,
				CDA48B9C2310A24100CC8B09 /* LUIImagePicker.swift in Sources */,
				CD04305222DAF9540018D584 /* LUINavigationViewController.swift in Sources */,
				CDC95FF422E9EBE000CD378E /* LUIStackView.swift in Sources */,
				CDD2942222E50BAA00801908 /* Date+LUIAdditions.swift in Sources */,
				CD04303A22D29D300018D584 /* LUIConstraints.swift in Sources */,
				CD04304A22DA53770018D584 /* LUIAnimationSpeed.swift in Sources */,
				CD04304722DA4BBF0018D584 /* UIImage+LUIAdditions.swift in Sources */,
				CDA48BA6231440B400CC8B09 /* LUISearchController.swift in Sources */,
				CDAF68F8235E3E2C003F7C4F /* LUISlideMenuTableViewController.swift in Sources */,
				CDC95FC422E779EE00CD378E /* UIImageView+LUIAdditions.swift in Sources */,
				CD04305422DAFD4F0018D584 /* LUIPopOverViewController.swift in Sources */,
				CDD2942422E5135500801908 /* String+LUIAdditions.swift in Sources */,
				CDE034B523514D78004287E9 /* LUIActivitiyIndicatorView.swift in Sources */,
				CD3A5A3F22D116EE009AD5BC /* LUIThemeManager.swift in Sources */,
				CD04303C22D2A0980018D584 /* UIView+LUIAdditions.swift in Sources */,
				CD3A5A3B22D1134D009AD5BC /* UIColor+LUIAdditions.swift in Sources */,
				CD04308722DC47910018D584 /* LUITableViewController.swift in Sources */,
				CD3A5A3822CFF840009AD5BC /* UIFont+LUIAdditions.swift in Sources */,
			);
			runOnlyForDeploymentPostprocessing = 0;
		};
/* End PBXSourcesBuildPhase section */

/* Begin XCBuildConfiguration section */
		CD3A59F222CEE80B009AD5BC /* Debug */ = {
			isa = XCBuildConfiguration;
			buildSettings = {
				ALWAYS_SEARCH_USER_PATHS = NO;
				CLANG_ANALYZER_NONNULL = YES;
				CLANG_ANALYZER_NUMBER_OBJECT_CONVERSION = YES_AGGRESSIVE;
				CLANG_CXX_LANGUAGE_STANDARD = "gnu++14";
				CLANG_CXX_LIBRARY = "libc++";
				CLANG_ENABLE_MODULES = YES;
				CLANG_ENABLE_OBJC_ARC = YES;
				CLANG_ENABLE_OBJC_WEAK = YES;
				CLANG_WARN_BLOCK_CAPTURE_AUTORELEASING = YES;
				CLANG_WARN_BOOL_CONVERSION = YES;
				CLANG_WARN_COMMA = YES;
				CLANG_WARN_CONSTANT_CONVERSION = YES;
				CLANG_WARN_DEPRECATED_OBJC_IMPLEMENTATIONS = YES;
				CLANG_WARN_DIRECT_OBJC_ISA_USAGE = YES_ERROR;
				CLANG_WARN_DOCUMENTATION_COMMENTS = YES;
				CLANG_WARN_EMPTY_BODY = YES;
				CLANG_WARN_ENUM_CONVERSION = YES;
				CLANG_WARN_INFINITE_RECURSION = YES;
				CLANG_WARN_INT_CONVERSION = YES;
				CLANG_WARN_NON_LITERAL_NULL_CONVERSION = YES;
				CLANG_WARN_OBJC_IMPLICIT_RETAIN_SELF = YES;
				CLANG_WARN_OBJC_LITERAL_CONVERSION = YES;
				CLANG_WARN_OBJC_ROOT_CLASS = YES_ERROR;
				CLANG_WARN_RANGE_LOOP_ANALYSIS = YES;
				CLANG_WARN_STRICT_PROTOTYPES = YES;
				CLANG_WARN_SUSPICIOUS_MOVE = YES;
				CLANG_WARN_UNGUARDED_AVAILABILITY = YES_AGGRESSIVE;
				CLANG_WARN_UNREACHABLE_CODE = YES;
				CLANG_WARN__DUPLICATE_METHOD_MATCH = YES;
				CODE_SIGN_IDENTITY = "iPhone Developer";
				COPY_PHASE_STRIP = NO;
				CURRENT_PROJECT_VERSION = 1;
				DEBUG_INFORMATION_FORMAT = dwarf;
				ENABLE_STRICT_OBJC_MSGSEND = YES;
				ENABLE_TESTABILITY = YES;
				GCC_C_LANGUAGE_STANDARD = gnu11;
				GCC_DYNAMIC_NO_PIC = NO;
				GCC_NO_COMMON_BLOCKS = YES;
				GCC_OPTIMIZATION_LEVEL = 0;
				GCC_PREPROCESSOR_DEFINITIONS = (
					"DEBUG=1",
					"$(inherited)",
				);
				GCC_WARN_64_TO_32_BIT_CONVERSION = YES;
				GCC_WARN_ABOUT_RETURN_TYPE = YES_ERROR;
				GCC_WARN_UNDECLARED_SELECTOR = YES;
				GCC_WARN_UNINITIALIZED_AUTOS = YES_AGGRESSIVE;
				GCC_WARN_UNUSED_FUNCTION = YES;
				GCC_WARN_UNUSED_VARIABLE = YES;
				IPHONEOS_DEPLOYMENT_TARGET = 11.4;
				MTL_ENABLE_DEBUG_INFO = INCLUDE_SOURCE;
				MTL_FAST_MATH = YES;
				ONLY_ACTIVE_ARCH = YES;
				SDKROOT = iphoneos;
				SWIFT_ACTIVE_COMPILATION_CONDITIONS = DEBUG;
				SWIFT_OPTIMIZATION_LEVEL = "-Onone";
				VERSIONING_SYSTEM = "apple-generic";
				VERSION_INFO_PREFIX = "";
			};
			name = Debug;
		};
		CD3A59F322CEE80B009AD5BC /* Release */ = {
			isa = XCBuildConfiguration;
			buildSettings = {
				ALWAYS_SEARCH_USER_PATHS = NO;
				CLANG_ANALYZER_NONNULL = YES;
				CLANG_ANALYZER_NUMBER_OBJECT_CONVERSION = YES_AGGRESSIVE;
				CLANG_CXX_LANGUAGE_STANDARD = "gnu++14";
				CLANG_CXX_LIBRARY = "libc++";
				CLANG_ENABLE_MODULES = YES;
				CLANG_ENABLE_OBJC_ARC = YES;
				CLANG_ENABLE_OBJC_WEAK = YES;
				CLANG_WARN_BLOCK_CAPTURE_AUTORELEASING = YES;
				CLANG_WARN_BOOL_CONVERSION = YES;
				CLANG_WARN_COMMA = YES;
				CLANG_WARN_CONSTANT_CONVERSION = YES;
				CLANG_WARN_DEPRECATED_OBJC_IMPLEMENTATIONS = YES;
				CLANG_WARN_DIRECT_OBJC_ISA_USAGE = YES_ERROR;
				CLANG_WARN_DOCUMENTATION_COMMENTS = YES;
				CLANG_WARN_EMPTY_BODY = YES;
				CLANG_WARN_ENUM_CONVERSION = YES;
				CLANG_WARN_INFINITE_RECURSION = YES;
				CLANG_WARN_INT_CONVERSION = YES;
				CLANG_WARN_NON_LITERAL_NULL_CONVERSION = YES;
				CLANG_WARN_OBJC_IMPLICIT_RETAIN_SELF = YES;
				CLANG_WARN_OBJC_LITERAL_CONVERSION = YES;
				CLANG_WARN_OBJC_ROOT_CLASS = YES_ERROR;
				CLANG_WARN_RANGE_LOOP_ANALYSIS = YES;
				CLANG_WARN_STRICT_PROTOTYPES = YES;
				CLANG_WARN_SUSPICIOUS_MOVE = YES;
				CLANG_WARN_UNGUARDED_AVAILABILITY = YES_AGGRESSIVE;
				CLANG_WARN_UNREACHABLE_CODE = YES;
				CLANG_WARN__DUPLICATE_METHOD_MATCH = YES;
				CODE_SIGN_IDENTITY = "iPhone Developer";
				COPY_PHASE_STRIP = NO;
				CURRENT_PROJECT_VERSION = 1;
				DEBUG_INFORMATION_FORMAT = "dwarf-with-dsym";
				ENABLE_NS_ASSERTIONS = NO;
				ENABLE_STRICT_OBJC_MSGSEND = YES;
				GCC_C_LANGUAGE_STANDARD = gnu11;
				GCC_NO_COMMON_BLOCKS = YES;
				GCC_WARN_64_TO_32_BIT_CONVERSION = YES;
				GCC_WARN_ABOUT_RETURN_TYPE = YES_ERROR;
				GCC_WARN_UNDECLARED_SELECTOR = YES;
				GCC_WARN_UNINITIALIZED_AUTOS = YES_AGGRESSIVE;
				GCC_WARN_UNUSED_FUNCTION = YES;
				GCC_WARN_UNUSED_VARIABLE = YES;
				IPHONEOS_DEPLOYMENT_TARGET = 11.4;
				MTL_ENABLE_DEBUG_INFO = NO;
				MTL_FAST_MATH = YES;
				SDKROOT = iphoneos;
				SWIFT_COMPILATION_MODE = wholemodule;
				SWIFT_OPTIMIZATION_LEVEL = "-O";
				VALIDATE_PRODUCT = YES;
				VERSIONING_SYSTEM = "apple-generic";
				VERSION_INFO_PREFIX = "";
			};
			name = Release;
		};
		CD3A59F522CEE80B009AD5BC /* Debug */ = {
			isa = XCBuildConfiguration;
			buildSettings = {
				CLANG_ENABLE_MODULES = YES;
				CODE_SIGN_IDENTITY = "";
				CODE_SIGN_STYLE = Automatic;
				DEFINES_MODULE = YES;
				DEVELOPMENT_TEAM = E55B666VZ8;
				DYLIB_COMPATIBILITY_VERSION = 1;
				DYLIB_CURRENT_VERSION = 1;
				DYLIB_INSTALL_NAME_BASE = "@rpath";
				INFOPLIST_FILE = LazyUI/Info.plist;
				INSTALL_PATH = "$(LOCAL_LIBRARY_DIR)/Frameworks";
				LD_RUNPATH_SEARCH_PATHS = (
					"$(inherited)",
					"@executable_path/Frameworks",
					"@loader_path/Frameworks",
				);
				PRODUCT_BUNDLE_IDENTIFIER = com.hurtado.LazyUI;
				PRODUCT_NAME = "$(TARGET_NAME:c99extidentifier)";
				SKIP_INSTALL = YES;
				SWIFT_OPTIMIZATION_LEVEL = "-Onone";
				SWIFT_VERSION = 5.0;
				TARGETED_DEVICE_FAMILY = "1,2";
			};
			name = Debug;
		};
		CD3A59F622CEE80B009AD5BC /* Release */ = {
			isa = XCBuildConfiguration;
			buildSettings = {
				CLANG_ENABLE_MODULES = YES;
				CODE_SIGN_IDENTITY = "";
				CODE_SIGN_STYLE = Automatic;
				DEFINES_MODULE = YES;
				DEVELOPMENT_TEAM = E55B666VZ8;
				DYLIB_COMPATIBILITY_VERSION = 1;
				DYLIB_CURRENT_VERSION = 1;
				DYLIB_INSTALL_NAME_BASE = "@rpath";
				INFOPLIST_FILE = LazyUI/Info.plist;
				INSTALL_PATH = "$(LOCAL_LIBRARY_DIR)/Frameworks";
				LD_RUNPATH_SEARCH_PATHS = (
					"$(inherited)",
					"@executable_path/Frameworks",
					"@loader_path/Frameworks",
				);
				PRODUCT_BUNDLE_IDENTIFIER = com.hurtado.LazyUI;
				PRODUCT_NAME = "$(TARGET_NAME:c99extidentifier)";
				SKIP_INSTALL = YES;
				SWIFT_VERSION = 5.0;
				TARGETED_DEVICE_FAMILY = "1,2";
			};
			name = Release;
		};
/* End XCBuildConfiguration section */

/* Begin XCConfigurationList section */
		CD3A59E622CEE80B009AD5BC /* Build configuration list for PBXProject "LazyUI" */ = {
			isa = XCConfigurationList;
			buildConfigurations = (
				CD3A59F222CEE80B009AD5BC /* Debug */,
				CD3A59F322CEE80B009AD5BC /* Release */,
			);
			defaultConfigurationIsVisible = 0;
			defaultConfigurationName = Release;
		};
		CD3A59F422CEE80B009AD5BC /* Build configuration list for PBXNativeTarget "LazyUI" */ = {
			isa = XCConfigurationList;
			buildConfigurations = (
				CD3A59F522CEE80B009AD5BC /* Debug */,
				CD3A59F622CEE80B009AD5BC /* Release */,
			);
			defaultConfigurationIsVisible = 0;
			defaultConfigurationName = Release;
		};
/* End XCConfigurationList section */
	};
	rootObject = CD3A59E322CEE80B009AD5BC /* Project object */;
}
